
Microsoft Visual Studio Solution File, Format Version 12.00
# Visual Studio 15
VisualStudioVersion = 15.0.26430.15
MinimumVisualStudioVersion = 10.0.40219.1
Project("{FAE04EC0-301F-11D3-BF4B-00C04F79EFBC}") = "DoubleToBinary", "DoubleToStringBinary\DoubleToBinary.csproj", "{CA1B8797-31BA-4894-AD06-12DFD85EB894}"
EndProject
Project("{FAE04EC0-301F-11D3-BF4B-00C04F79EFBC}") = "DoubleToBinaryTests", "DoubleToStringBinaryTests\DoubleToBinaryTests.csproj", "{FC44D5D2-9E11-4E3A-9C3D-BC1718E116F9}"
EndProject
Global
	GlobalSection(SolutionConfigurationPlatforms) = preSolution
		Debug|Any CPU = Debug|Any CPU
		Release|Any CPU = Release|Any CPU
	EndGlobalSection
	GlobalSection(ProjectConfigurationPlatforms) = postSolution
		{CA1B8797-31BA-4894-AD06-12DFD85EB894}.Debug|Any CPU.ActiveCfg = Debug|Any CPU
		{CA1B8797-31BA-4894-AD06-12DFD85EB894}.Debug|Any CPU.Build.0 = Debug|Any CPU
		{CA1B8797-31BA-4894-AD06-12DFD85EB894}.Release|Any CPU.ActiveCfg = Release|Any CPU
		{CA1B8797-31BA-4894-AD06-12DFD85EB894}.Release|Any CPU.Build.0 = Release|Any CPU
		{FC44D5D2-9E11-4E3A-9C3D-BC1718E116F9}.Debug|Any CPU.ActiveCfg = Debug|Any CPU
		{FC44D5D2-9E11-4E3A-9C3D-BC1718E116F9}.Debug|Any CPU.Build.0 = Debug|Any CPU
		{FC44D5D2-9E11-4E3A-9C3D-BC1718E116F9}.Release|Any CPU.ActiveCfg = Release|Any CPU
		{FC44D5D2-9E11-4E3A-9C3D-BC1718E116F9}.Release|Any CPU.Build.0 = Release|Any CPU
	EndGlobalSection
	GlobalSection(SolutionProperties) = preSolution
		HideSolutionNode = FALSE
	EndGlobalSection
EndGlobal
